<?xml version="1.0" encoding="utf-8"?>
<Project ToolsVersion="4.0" xmlns="http://schemas.microsoft.com/developer/msbuild/2003">
  <ItemGroup>
    <Filter Include="Source Files">
      <UniqueIdentifier>{253fdc16-55a0-439c-bdfe-9d08054da83c}</UniqueIdentifier>
      <Extensions>cpp;c;cxx;rc;def;r;odl;idl;hpj;bat</Extensions>
    </Filter>
    <Filter Include="Header Files">
      <UniqueIdentifier>{a2286e38-ad29-4510-8929-af07e57c4b54}</UniqueIdentifier>
      <Extensions>h;hpp;hxx;hm;inl</Extensions>
    </Filter>
    <Filter Include="Resource Files">
      <UniqueIdentifier>{aa14ea00-2c93-48c6-9b37-e11be7e3b9b0}</UniqueIdentifier>
      <Extensions>ico;cur;bmp;dlg;rc2;rct;bin;rgs;gif;jpg;jpeg;jpe</Extensions>
    </Filter>
  </ItemGroup>
  <ItemGroup>
    <ClCompile Include="MyAdminTrans.cpp">
      <Filter>Source Files</Filter>
    </ClCompile>
    <ClCompile Include="MyFrameTrans.cpp">
      <Filter>Source Files</Filter>
    </ClCompile>
    <ClCompile Include="MyHttpBase.cpp">
      <Filter>Source Files</Filter>
    </ClCompile>
    <ClCompile Include="MyHttpPipeBase.cpp">
      <Filter>Source Files</Filter>
    </ClCompile>
    <ClCompile Include="MyKeyMonTrans.cpp">
      <Filter>Source Files</Filter>
    </ClCompile>
    <ClCompile Include="MyMainTrans.cpp">
      <Filter>Source Files</Filter>
    </ClCompile>
    <ClCompile Include="MyMulitTrans.cpp">
      <Filter>Source Files</Filter>
    </ClCompile>
    <ClCompile Include="MyTlntTrans.cpp">
      <Filter>Source Files</Filter>
    </ClCompile>
    <ClCompile Include="PcCortr.cpp">
      <Filter>Source Files</Filter>
    </ClCompile>
    <ClCompile Include="StdAfx.cpp">
      <Filter>Source Files</Filter>
    </ClCompile>
    <ClCompile Include="XGina.cpp">
      <Filter>Source Files</Filter>
    </ClCompile>
  </ItemGroup>
  <ItemGroup>
    <None Include="res\PcCortr.rc2">
      <Filter>Resource Files</Filter>
    </None>
  </ItemGroup>
  <ItemGroup>
    <ResourceCompile Include="PcCortr.rc">
      <Filter>Source Files</Filter>
    </ResourceCompile>
  </ItemGroup>
  <ItemGroup>
    <ClInclude Include="MyAdminTrans.h">
      <Filter>Header Files</Filter>
    </ClInclude>
    <ClInclude Include="MyFrameTrans.h">
      <Filter>Header Files</Filter>
    </ClInclude>
    <ClInclude Include="MyHttpBase.h">
      <Filter>Header Files</Filter>
    </ClInclude>
    <ClInclude Include="MyHttpPipeBase.h">
      <Filter>Header Files</Filter>
    </ClInclude>
    <ClInclude Include="MyKeyMonTrans.h">
      <Filter>Header Files</Filter>
    </ClInclude>
    <ClInclude Include="MyMainTrans.h">
      <Filter>Header Files</Filter>
    </ClInclude>
    <ClInclude Include="MyMulitTrans.h">
      <Filter>Header Files</Filter>
    </ClInclude>
    <ClInclude Include="MyTlntTrans.h">
      <Filter>Header Files</Filter>
    </ClInclude>
    <ClInclude Include="PcCortr.h">
      <Filter>Header Files</Filter>
    </ClInclude>
    <ClInclude Include="Resource.h">
      <Filter>Header Files</Filter>
    </ClInclude>
    <ClInclude Include="StdAfx.h">
      <Filter>Header Files</Filter>
    </ClInclude>
    <ClInclude Include="XGina.h">
      <Filter>Header Files</Filter>
    </ClInclude>
    <ClInclude Include="ZCONF.H">
      <Filter>Header Files</Filter>
    </ClInclude>
    <ClInclude Include="ZLIB.H">
      <Filter>Header Files</Filter>
    </ClInclude>
  </ItemGroup>
  <ItemGroup>
    <Text Include="ReadMe.txt" />
  </ItemGroup>
  <ItemGroup>
    <CustomBuild Include="PcCortr.def">
      <Filter>Source Files</Filter>
    </CustomBuild>
  </ItemGroup>
</Project>