<?xml version="1.0" encoding="utf-8"?>
<Project ToolsVersion="4.0" xmlns="http://schemas.microsoft.com/developer/msbuild/2003">
  <ItemGroup>
    <Filter Include="Source File">
      <UniqueIdentifier>{ef5b6e4c-a4d4-4b79-80ad-df7671b39de2}</UniqueIdentifier>
      <Extensions>cpp;c;cxx;def;odl;idl;hpj;bat;asm;asmx</Extensions>
    </Filter>
    <Filter Include="Header Files">
      <UniqueIdentifier>{4c377b5f-e4b5-49d8-a7a7-e57209903b6f}</UniqueIdentifier>
      <Extensions>h;hpp;hxx;hm;inl;inc;xsd</Extensions>
    </Filter>
    <Filter Include="Resource Files">
      <UniqueIdentifier>{c3599f9a-0ee9-4ee3-9b76-72915706d4a1}</UniqueIdentifier>
      <Extensions>rc;ico;cur;bmp;dlg;rc2;rct;bin;rgs;gif;jpg;jpeg;jpe;resx</Extensions>
    </Filter>
  </ItemGroup>
  <ItemGroup>
    <ClCompile Include="MySocketDlg.cpp">
      <Filter>Source File</Filter>
    </ClCompile>
    <ClCompile Include="PcTlnt.cpp">
      <Filter>Source File</Filter>
    </ClCompile>
    <ClCompile Include="ProtocolRx.cpp">
      <Filter>Source File</Filter>
    </ClCompile>
    <ClCompile Include="SocketDx.cpp">
      <Filter>Source File</Filter>
    </ClCompile>
    <ClCompile Include="SocketRx.cpp">
      <Filter>Source File</Filter>
    </ClCompile>
    <ClCompile Include="SocketTx.cpp">
      <Filter>Source File</Filter>
    </ClCompile>
    <ClCompile Include="stdafx.cpp">
      <Filter>Source File</Filter>
    </ClCompile>
  </ItemGroup>
  <ItemGroup>
    <ClInclude Include="MySocketDlg.h">
      <Filter>Header Files</Filter>
    </ClInclude>
    <ClInclude Include="PcTlnt.h">
      <Filter>Header Files</Filter>
    </ClInclude>
    <ClInclude Include="ProtocolRx.h">
      <Filter>Header Files</Filter>
    </ClInclude>
    <ClInclude Include="Resource.h">
      <Filter>Header Files</Filter>
    </ClInclude>
    <ClInclude Include="SocketDx.h">
      <Filter>Header Files</Filter>
    </ClInclude>
    <ClInclude Include="SocketRx.h">
      <Filter>Header Files</Filter>
    </ClInclude>
    <ClInclude Include="SocketTx.h">
      <Filter>Header Files</Filter>
    </ClInclude>
    <ClInclude Include="stdafx.h">
      <Filter>Header Files</Filter>
    </ClInclude>
  </ItemGroup>
  <ItemGroup>
    <Image Include="icon1.ico">
      <Filter>Resource Files</Filter>
    </Image>
  </ItemGroup>
  <ItemGroup>
    <ResourceCompile Include="PcTlnt.rc">
      <Filter>Resource Files</Filter>
    </ResourceCompile>
  </ItemGroup>
  <ItemGroup>
    <Text Include="ReadMe.txt" />
  </ItemGroup>
</Project>