<?xml version="1.0" encoding="utf-8"?>
<Project ToolsVersion="4.0" xmlns="http://schemas.microsoft.com/developer/msbuild/2003">
  <ItemGroup>
    <Filter Include="Source Files">
      <UniqueIdentifier>{3dbcf648-22a4-46cc-b26c-443e24e08d0c}</UniqueIdentifier>
      <Extensions>cpp;c;cxx;rc;def;r;odl;idl;hpj;bat</Extensions>
    </Filter>
    <Filter Include="Header Files">
      <UniqueIdentifier>{667227e7-5495-435d-b88e-acb5ebc81f3a}</UniqueIdentifier>
      <Extensions>h;hpp;hxx;hm;inl</Extensions>
    </Filter>
    <Filter Include="Resource Files">
      <UniqueIdentifier>{27185087-125c-457a-834d-065e1118ee80}</UniqueIdentifier>
      <Extensions>ico;cur;bmp;dlg;rc2;rct;bin;rgs;gif;jpg;jpeg;jpe</Extensions>
    </Filter>
  </ItemGroup>
  <ItemGroup>
    <ClCompile Include="DirDialog.cpp">
      <Filter>Source Files</Filter>
    </ClCompile>
    <ClCompile Include="ManaFrame.cpp">
      <Filter>Source Files</Filter>
    </ClCompile>
    <ClCompile Include="MyDirInfoDlg.cpp">
      <Filter>Source Files</Filter>
    </ClCompile>
    <ClCompile Include="MyDirListView.cpp">
      <Filter>Source Files</Filter>
    </ClCompile>
    <ClCompile Include="MyDirTreeView.cpp">
      <Filter>Source Files</Filter>
    </ClCompile>
    <ClCompile Include="mydirview.cpp">
      <Filter>Source Files</Filter>
    </ClCompile>
    <ClCompile Include="MyDiskInfo.cpp">
      <Filter>Source Files</Filter>
    </ClCompile>
    <ClCompile Include="MyFileInfo.cpp">
      <Filter>Source Files</Filter>
    </ClCompile>
    <ClCompile Include="MyFileTransDlg.cpp">
      <Filter>Source Files</Filter>
    </ClCompile>
    <ClCompile Include="MyFileTransView.cpp">
      <Filter>Source Files</Filter>
    </ClCompile>
    <ClCompile Include="MyFindFileDlg.cpp">
      <Filter>Source Files</Filter>
    </ClCompile>
    <ClCompile Include="MyGlobalFuc.cpp">
      <Filter>Source Files</Filter>
    </ClCompile>
    <ClCompile Include="MyRenameDlg.cpp">
      <Filter>Source Files</Filter>
    </ClCompile>
    <ClCompile Include="MyTrace.cpp">
      <Filter>Source Files</Filter>
    </ClCompile>
    <ClCompile Include="NewMenu.cpp">
      <Filter>Source Files</Filter>
    </ClCompile>
    <ClCompile Include="PcFile.cpp">
      <Filter>Source Files</Filter>
    </ClCompile>
    <ClCompile Include="StdAfx.cpp">
      <Filter>Source Files</Filter>
    </ClCompile>
  </ItemGroup>
  <ItemGroup>
    <ResourceCompile Include="PcFile.rc">
      <Filter>Source Files</Filter>
    </ResourceCompile>
  </ItemGroup>
  <ItemGroup>
    <ClInclude Include="DirDialog.h">
      <Filter>Header Files</Filter>
    </ClInclude>
    <ClInclude Include="ManaFrame.h">
      <Filter>Header Files</Filter>
    </ClInclude>
    <ClInclude Include="MyDirInfoDlg.h">
      <Filter>Header Files</Filter>
    </ClInclude>
    <ClInclude Include="mydirlistview.h">
      <Filter>Header Files</Filter>
    </ClInclude>
    <ClInclude Include="MyDirTreeView.h">
      <Filter>Header Files</Filter>
    </ClInclude>
    <ClInclude Include="mydirview.h">
      <Filter>Header Files</Filter>
    </ClInclude>
    <ClInclude Include="MyDiskInfo.h">
      <Filter>Header Files</Filter>
    </ClInclude>
    <ClInclude Include="MyFileInfo.h">
      <Filter>Header Files</Filter>
    </ClInclude>
    <ClInclude Include="MyFileTransDlg.h">
      <Filter>Header Files</Filter>
    </ClInclude>
    <ClInclude Include="MyFileTransView.h">
      <Filter>Header Files</Filter>
    </ClInclude>
    <ClInclude Include="MyFindFileDlg.h">
      <Filter>Header Files</Filter>
    </ClInclude>
    <ClInclude Include="MyMarco.h">
      <Filter>Header Files</Filter>
    </ClInclude>
    <ClInclude Include="MyRenameDlg.h">
      <Filter>Header Files</Filter>
    </ClInclude>
    <ClInclude Include="MyTrace.h">
      <Filter>Header Files</Filter>
    </ClInclude>
    <ClInclude Include="NewMenu.h">
      <Filter>Header Files</Filter>
    </ClInclude>
    <ClInclude Include="PcFile.h">
      <Filter>Header Files</Filter>
    </ClInclude>
    <ClInclude Include="Resource.h">
      <Filter>Header Files</Filter>
    </ClInclude>
    <ClInclude Include="StdAfx.h">
      <Filter>Header Files</Filter>
    </ClInclude>
    <ClInclude Include="ZCONF.H">
      <Filter>Header Files</Filter>
    </ClInclude>
    <ClInclude Include="ZLIB.H">
      <Filter>Header Files</Filter>
    </ClInclude>
  </ItemGroup>
  <ItemGroup>
    <None Include="res\avi1.bin">
      <Filter>Resource Files</Filter>
    </None>
    <None Include="res\hand.cur">
      <Filter>Resource Files</Filter>
    </None>
    <None Include="res\PcFile.rc2">
      <Filter>Resource Files</Filter>
    </None>
    <None Include="res\WAIT07.CUR">
      <Filter>Resource Files</Filter>
    </None>
  </ItemGroup>
  <ItemGroup>
    <Image Include="res\bitmap1.bmp">
      <Filter>Resource Files</Filter>
    </Image>
    <Image Include="res\CDDRIVE.ICO">
      <Filter>Resource Files</Filter>
    </Image>
    <Image Include="res\CLSDFOLD.ICO">
      <Filter>Resource Files</Filter>
    </Image>
    <Image Include="res\DirOpen.ico">
      <Filter>Resource Files</Filter>
    </Image>
    <Image Include="res\Downing.ico">
      <Filter>Resource Files</Filter>
    </Image>
    <Image Include="res\DRIVE.ICO">
      <Filter>Resource Files</Filter>
    </Image>
    <Image Include="res\EXPLORER.ICO">
      <Filter>Resource Files</Filter>
    </Image>
    <Image Include="res\fail.ico">
      <Filter>Resource Files</Filter>
    </Image>
    <Image Include="res\ico00001.ico">
      <Filter>Resource Files</Filter>
    </Image>
    <Image Include="res\ico00002.ico">
      <Filter>Resource Files</Filter>
    </Image>
    <Image Include="res\ico00003.ico">
      <Filter>Resource Files</Filter>
    </Image>
    <Image Include="res\ico00004.ico">
      <Filter>Resource Files</Filter>
    </Image>
    <Image Include="res\ico00005.ico">
      <Filter>Resource Files</Filter>
    </Image>
    <Image Include="res\ico00006.ico">
      <Filter>Resource Files</Filter>
    </Image>
    <Image Include="res\icon1.ico">
      <Filter>Resource Files</Filter>
    </Image>
    <Image Include="res\icon8.ico">
      <Filter>Resource Files</Filter>
    </Image>
    <Image Include="res\icon9.ico">
      <Filter>Resource Files</Filter>
    </Image>
    <Image Include="res\icon_com.ico">
      <Filter>Resource Files</Filter>
    </Image>
    <Image Include="res\icon_fin.ico">
      <Filter>Resource Files</Filter>
    </Image>
    <Image Include="res\NoFix.ico">
      <Filter>Resource Files</Filter>
    </Image>
    <Image Include="res\PcFile.ico">
      <Filter>Resource Files</Filter>
    </Image>
    <Image Include="res\RemoteDisk.ico">
      <Filter>Resource Files</Filter>
    </Image>
    <Image Include="res\success.ico">
      <Filter>Resource Files</Filter>
    </Image>
    <Image Include="res\Toolbar.bmp">
      <Filter>Resource Files</Filter>
    </Image>
    <Image Include="res\Waitdown.ico">
      <Filter>Resource Files</Filter>
    </Image>
  </ItemGroup>
  <ItemGroup>
    <Text Include="ReadMe.txt" />
  </ItemGroup>
</Project>