<?xml version="1.0" encoding="utf-8"?>
<Project ToolsVersion="4.0" xmlns="http://schemas.microsoft.com/developer/msbuild/2003">
  <ItemGroup>
    <Filter Include="Source Files">
      <UniqueIdentifier>{1e02c984-9463-43c8-b9f2-65be103163a9}</UniqueIdentifier>
      <Extensions>cpp;c;cxx;rc;def;r;odl;idl;hpj;bat</Extensions>
    </Filter>
    <Filter Include="Header Files">
      <UniqueIdentifier>{8770cd2d-f2a0-4c5e-9368-66029c118e29}</UniqueIdentifier>
      <Extensions>h;hpp;hxx;hm;inl</Extensions>
    </Filter>
    <Filter Include="Resource Files">
      <UniqueIdentifier>{37d0740b-3ed9-4a9b-b92a-a0c8f0b9941c}</UniqueIdentifier>
      <Extensions>ico;cur;bmp;dlg;rc2;rct;bin;rgs;gif;jpg;jpeg;jpe</Extensions>
    </Filter>
  </ItemGroup>
  <ItemGroup>
    <ClCompile Include="MyFrameView.cpp">
      <Filter>Source Files</Filter>
    </ClCompile>
    <ClCompile Include="MyFrameWnd.cpp">
      <Filter>Source Files</Filter>
    </ClCompile>
    <ClCompile Include="MyGlobalFuc.cpp">
      <Filter>Source Files</Filter>
    </ClCompile>
    <ClCompile Include="PcFrame.cpp">
      <Filter>Source Files</Filter>
    </ClCompile>
    <ClCompile Include="StdAfx.cpp">
      <Filter>Source Files</Filter>
    </ClCompile>
  </ItemGroup>
  <ItemGroup>
    <ResourceCompile Include="PcFrame.rc">
      <Filter>Source Files</Filter>
    </ResourceCompile>
  </ItemGroup>
  <ItemGroup>
    <ClInclude Include="MyFrameView.h">
      <Filter>Header Files</Filter>
    </ClInclude>
    <ClInclude Include="MyFrameWnd.h">
      <Filter>Header Files</Filter>
    </ClInclude>
    <ClInclude Include="MyMarco.h">
      <Filter>Header Files</Filter>
    </ClInclude>
    <ClInclude Include="PcFrame.h">
      <Filter>Header Files</Filter>
    </ClInclude>
    <ClInclude Include="Resource.h">
      <Filter>Header Files</Filter>
    </ClInclude>
    <ClInclude Include="StdAfx.h">
      <Filter>Header Files</Filter>
    </ClInclude>
  </ItemGroup>
  <ItemGroup>
    <Image Include="res\icon1.ico">
      <Filter>Resource Files</Filter>
    </Image>
    <Image Include="res\icon2.ico">
      <Filter>Resource Files</Filter>
    </Image>
    <Image Include="res\icon6.ico">
      <Filter>Resource Files</Filter>
    </Image>
    <Image Include="icon6.ico">
      <Filter>Resource Files</Filter>
    </Image>
    <Image Include="res\icon7.ico">
      <Filter>Resource Files</Filter>
    </Image>
    <Image Include="icon7.ico">
      <Filter>Resource Files</Filter>
    </Image>
    <Image Include="res\payment.ico">
      <Filter>Resource Files</Filter>
    </Image>
    <Image Include="res\PcFrame.ico">
      <Filter>Resource Files</Filter>
    </Image>
    <Image Include="res\PcFrameDoc.ico">
      <Filter>Resource Files</Filter>
    </Image>
    <Image Include="res\Screen1.ico">
      <Filter>Resource Files</Filter>
    </Image>
    <Image Include="res\Screen3.ico">
      <Filter>Resource Files</Filter>
    </Image>
    <Image Include="res\Toolbar.bmp">
      <Filter>Resource Files</Filter>
    </Image>
    <Image Include="res\toolbar1.bmp">
      <Filter>Resource Files</Filter>
    </Image>
  </ItemGroup>
  <ItemGroup>
    <None Include="res\PcFrame.rc2">
      <Filter>Resource Files</Filter>
    </None>
    <None Include="res\Wait07.cur">
      <Filter>Resource Files</Filter>
    </None>
  </ItemGroup>
  <ItemGroup>
    <Text Include="ReadMe.txt" />
  </ItemGroup>
</Project>